
Microsoft Visual Studio Solution File, Format Version 12.00
# Visual Studio Version 16
VisualStudioVersion = 16.0.28705.295
MinimumVisualStudioVersion = 10.0.40219.1
Project("{FAE04EC0-301F-11D3-BF4B-00C04F79EFBC}") = "ParliParrot", "ParliParrot\ParliParrot.csproj", "{CC45FAA2-4277-4923-8509-E9F2C134623D}"
EndProject
Global
	GlobalSection(SolutionConfigurationPlatforms) = preSolution
		Debug|Any CPU = Debug|Any CPU
		Release|Any CPU = Release|Any CPU
	EndGlobalSection
	GlobalSection(ProjectConfigurationPlatforms) = postSolution
		{CC45FAA2-4277-4923-8509-E9F2C134623D}.Debug|Any CPU.ActiveCfg = Debug|Any CPU
		{CC45FAA2-4277-4923-8509-E9F2C134623D}.Debug|Any CPU.Build.0 = Debug|Any CPU
		{CC45FAA2-4277-4923-8509-E9F2C134623D}.Release|Any CPU.ActiveCfg = Release|Any CPU
		{CC45FAA2-4277-4923-8509-E9F2C134623D}.Release|Any CPU.Build.0 = Release|Any CPU
	EndGlobalSection
	GlobalSection(SolutionProperties) = preSolution
		HideSolutionNode = FALSE
	EndGlobalSection
	GlobalSection(ExtensibilityGlobals) = postSolution
		SolutionGuid = {89CDB9FA-32A9-44E9-B2A7-888AD473717B}
	EndGlobalSection
EndGlobal
